
Microsoft Visual Studio Solution File, Format Version 12.00
# Visual Studio Version 17
VisualStudioVersion = 17.8.34322.80
MinimumVisualStudioVersion = 10.0.40219.1
Project("{9A19103F-16F7-4668-BE54-9A1E7A4F7556}") = "AuthAPIService", "AuthAPIService.csproj", "{A51306BF-15B3-455B-A028-F1602E016673}"
EndProject
Global
	GlobalSection(SolutionConfigurationPlatforms) = preSolution
		Debug|Any CPU = Debug|Any CPU
		Release|Any CPU = Release|Any CPU
	EndGlobalSection
	GlobalSection(ProjectConfigurationPlatforms) = postSolution
		{A51306BF-15B3-455B-A028-F1602E016673}.Debug|Any CPU.ActiveCfg = Debug|Any CPU
		{A51306BF-15B3-455B-A028-F1602E016673}.Debug|Any CPU.Build.0 = Debug|Any CPU
		{A51306BF-15B3-455B-A028-F1602E016673}.Release|Any CPU.ActiveCfg = Release|Any CPU
		{A51306BF-15B3-455B-A028-F1602E016673}.Release|Any CPU.Build.0 = Release|Any CPU
	EndGlobalSection
	GlobalSection(SolutionProperties) = preSolution
		HideSolutionNode = FALSE
	EndGlobalSection
	GlobalSection(ExtensibilityGlobals) = postSolution
		SolutionGuid = {B5BD28E7-DA8E-4819-AECA-E39521662F57}
	EndGlobalSection
EndGlobal
